// !$*UTF8*$!
{
	archiveVersion = 1;
	classes = {
	};
	objectVersion = 46;
	objects = {

/* Begin PBXBuildFile section */
		1C4C3E311E5D99F60001BCCA /* cannonball.cpp in Sources */ = {isa = PBXBuildFile; fileRef = 1C4C3E291E5D99F60001BCCA /* cannonball.cpp */; };
		1C4C3E321E5D99F60001BCCA /* game.cpp in Sources */ = {isa = PBXBuildFile; fileRef = 1C4C3E2B1E5D99F60001BCCA /* game.cpp */; };
		1C4C3E331E5D99F60001BCCA /* GameObjects.cpp in Sources */ = {isa = PBXBuildFile; fileRef = 1C4C3E2C1E5D99F60001BCCA /* GameObjects.cpp */; };
		1C4C3E341E5D99F60001BCCA /* Makefile in Sources */ = {isa = PBXBuildFile; fileRef = 1C4C3E2E1E5D99F60001BCCA /* Makefile */; };
		1C4C3E351E5D99F60001BCCA /* utilities.cpp in Sources */ = {isa = PBXBuildFile; fileRef = 1C4C3E2F1E5D99F60001BCCA /* utilities.cpp */; };
/* End PBXBuildFile section */

/* Begin PBXFileReference section */
		1C4C3E1A1E5D99840001BCCA /* Øving6 del2.2 */ = {isa = PBXFileReference; explicitFileType = "compiled.mach-o.executable"; includeInIndex = 0; path = "Øving6 del2.2"; sourceTree = BUILT_PRODUCTS_DIR; };
		1C4C3E291E5D99F60001BCCA /* cannonball.cpp */ = {isa = PBXFileReference; fileEncoding = 4; lastKnownFileType = sourcecode.cpp.cpp; path = cannonball.cpp; sourceTree = "<group>"; };
		1C4C3E2A1E5D99F60001BCCA /* cannonball.hpp */ = {isa = PBXFileReference; fileEncoding = 4; lastKnownFileType = sourcecode.cpp.h; path = cannonball.hpp; sourceTree = "<group>"; };
		1C4C3E2B1E5D99F60001BCCA /* game.cpp */ = {isa = PBXFileReference; fileEncoding = 4; lastKnownFileType = sourcecode.cpp.cpp; path = game.cpp; sourceTree = "<group>"; };
		1C4C3E2C1E5D99F60001BCCA /* GameObjects.cpp */ = {isa = PBXFileReference; fileEncoding = 4; lastKnownFileType = sourcecode.cpp.cpp; path = GameObjects.cpp; sourceTree = "<group>"; };
		1C4C3E2D1E5D99F60001BCCA /* GameObjects.h */ = {isa = PBXFileReference; fileEncoding = 4; lastKnownFileType = sourcecode.c.h; path = GameObjects.h; sourceTree = "<group>"; };
		1C4C3E2E1E5D99F60001BCCA /* Makefile */ = {isa = PBXFileReference; fileEncoding = 4; lastKnownFileType = sourcecode.make; path = Makefile; sourceTree = "<group>"; };
		1C4C3E2F1E5D99F60001BCCA /* utilities.cpp */ = {isa = PBXFileReference; fileEncoding = 4; lastKnownFileType = sourcecode.cpp.cpp; path = utilities.cpp; sourceTree = "<group>"; };
		1C4C3E301E5D99F60001BCCA /* utilities.hpp */ = {isa = PBXFileReference; fileEncoding = 4; lastKnownFileType = sourcecode.cpp.h; path = utilities.hpp; sourceTree = "<group>"; };
/* End PBXFileReference section */

/* Begin PBXFrameworksBuildPhase section */
		1C4C3E181E5D99840001BCCA /* Frameworks */ = {
			isa = PBXFrameworksBuildPhase;
			buildActionMask = 2147483647;
			files = (
			);
			runOnlyForDeploymentPostprocessing = 0;
		};
/* End PBXFrameworksBuildPhase section */

/* Begin PBXGroup section */
		1C4C3E121E5D99840001BCCA = {
			isa = PBXGroup;
			children = (
				1C4C3E1C1E5D99840001BCCA /* Øving6 del2.2 */,
				1C4C3E1B1E5D99840001BCCA /* Products */,
			);
			sourceTree = "<group>";
		};
		1C4C3E1B1E5D99840001BCCA /* Products */ = {
			isa = PBXGroup;
			children = (
				1C4C3E1A1E5D99840001BCCA /* Øving6 del2.2 */,
			);
			name = Products;
			sourceTree = "<group>";
		};
		1C4C3E1C1E5D99840001BCCA /* Øving6 del2.2 */ = {
			isa = PBXGroup;
			children = (
				1C4C3E291E5D99F60001BCCA /* cannonball.cpp */,
				1C4C3E2A1E5D99F60001BCCA /* cannonball.hpp */,
				1C4C3E2B1E5D99F60001BCCA /* game.cpp */,
				1C4C3E2C1E5D99F60001BCCA /* GameObjects.cpp */,
				1C4C3E2D1E5D99F60001BCCA /* GameObjects.h */,
				1C4C3E2E1E5D99F60001BCCA /* Makefile */,
				1C4C3E2F1E5D99F60001BCCA /* utilities.cpp */,
				1C4C3E301E5D99F60001BCCA /* utilities.hpp */,
				1C4C3E1F1E5D99840001BCCA /* Resources */,
			);
			path = "Øving6 del2.2";
			sourceTree = "<group>";
		};
		1C4C3E1F1E5D99840001BCCA /* Resources */ = {
			isa = PBXGroup;
			children = (
			);
			name = Resources;
			sourceTree = "<group>";
		};
/* End PBXGroup section */

/* Begin PBXNativeTarget section */
		1C4C3E191E5D99840001BCCA /* Øving6 del2.2 */ = {
			isa = PBXNativeTarget;
			buildConfigurationList = 1C4C3E261E5D99840001BCCA /* Build configuration list for PBXNativeTarget "Øving6 del2.2" */;
			buildPhases = (
				1C4C3E171E5D99840001BCCA /* Sources */,
				1C4C3E181E5D99840001BCCA /* Frameworks */,
			);
			buildRules = (
			);
			dependencies = (
			);
			name = "Øving6 del2.2";
			productName = "Øving6 del2.2";
			productReference = 1C4C3E1A1E5D99840001BCCA /* Øving6 del2.2 */;
			productType = "com.apple.product-type.tool";
		};
/* End PBXNativeTarget section */

/* Begin PBXProject section */
		1C4C3E131E5D99840001BCCA /* Project object */ = {
			isa = PBXProject;
			attributes = {
				LastUpgradeCheck = 0820;
				ORGANIZATIONNAME = "HERMAN dragesund";
				TargetAttributes = {
					1C4C3E191E5D99840001BCCA = {
						CreatedOnToolsVersion = 8.2.1;
						ProvisioningStyle = Automatic;
					};
				};
			};
			buildConfigurationList = 1C4C3E161E5D99840001BCCA /* Build configuration list for PBXProject "Øving6 del2.2" */;
			compatibilityVersion = "Xcode 3.2";
			developmentRegion = English;
			hasScannedForEncodings = 0;
			knownRegions = (
				en,
			);
			mainGroup = 1C4C3E121E5D99840001BCCA;
			productRefGroup = 1C4C3E1B1E5D99840001BCCA /* Products */;
			projectDirPath = "";
			projectRoot = "";
			targets = (
				1C4C3E191E5D99840001BCCA /* Øving6 del2.2 */,
			);
		};
/* End PBXProject section */

/* Begin PBXSourcesBuildPhase section */
		1C4C3E171E5D99840001BCCA /* Sources */ = {
			isa = PBXSourcesBuildPhase;
			buildActionMask = 2147483647;
			files = (
				1C4C3E351E5D99F60001BCCA /* utilities.cpp in Sources */,
				1C4C3E341E5D99F60001BCCA /* Makefile in Sources */,
				1C4C3E331E5D99F60001BCCA /* GameObjects.cpp in Sources */,
				1C4C3E311E5D99F60001BCCA /* cannonball.cpp in Sources */,
				1C4C3E321E5D99F60001BCCA /* game.cpp in Sources */,
			);
			runOnlyForDeploymentPostprocessing = 0;
		};
/* End PBXSourcesBuildPhase section */

/* Begin XCBuildConfiguration section */
		1C4C3E241E5D99840001BCCA /* Debug */ = {
			isa = XCBuildConfiguration;
			buildSettings = {
				ARCHS = "$(NATIVE_ARCH_ACTUAL)";
				CLANG_CXX_LANGUAGE_STANDARD = "c++0x";
				CLANG_CXX_LIBRARY = "libc++";
				FRAMEWORK_SEARCH_PATHS = (
					/Library/Frameworks/,
					"$(inherited)",
				);
				GCC_VERSION = com.apple.compilers.llvm.clang.1_0;
				HEADER_SEARCH_PATHS = (
					/usr/local/include/,
					"$(inherited)",
				);
				LIBRARY_SEARCH_PATHS = (
					/usr/local/lib/,
					"$(inherited)",
				);
				MACOSX_DEPLOYMENT_TARGET = 10.7;
				OTHER_LDFLAGS = (
					"$(inherited)",
					"$(SFML_SYSTEM)",
					"$(SFML_WINDOW)",
					"$(SFML_GRAPHICS)",
					"$(SFML_AUDIO)",
					"$(SFML_NETWORK)",
				);
				SFML_AUDIO = "$(SFML_LINK_PREFIX) sfml-audio$(SFML_LINK_SUFFIX)";
				SFML_BINARY_TYPE = FRAMEWORKS;
				SFML_GRAPHICS = "$(SFML_LINK_PREFIX) sfml-graphics$(SFML_LINK_SUFFIX)";
				SFML_LINK_DYLIBS_PREFIX = "-l";
				SFML_LINK_DYLIBS_SUFFIX = "";
				SFML_LINK_FRAMEWORKS_PREFIX = "-framework";
				SFML_LINK_FRAMEWORKS_SUFFIX = "";
				SFML_LINK_PREFIX = "$(SFML_LINK_$(SFML_BINARY_TYPE)_PREFIX)";
				SFML_LINK_SUFFIX = "$(SFML_LINK_$(SFML_BINARY_TYPE)_SUFFIX)";
				SFML_NETWORK = "$(SFML_LINK_PREFIX) sfml-network$(SFML_LINK_SUFFIX)";
				SFML_SYSTEM = "$(SFML_LINK_PREFIX) sfml-system$(SFML_LINK_SUFFIX)";
				SFML_WINDOW = "$(SFML_LINK_PREFIX) sfml-window$(SFML_LINK_SUFFIX)";
				SUPPORTED_PLATFORMS = macosx;
			};
			name = Debug;
		};
		1C4C3E251E5D99840001BCCA /* Release */ = {
			isa = XCBuildConfiguration;
			buildSettings = {
				ARCHS = "$(NATIVE_ARCH_ACTUAL)";
				CLANG_CXX_LANGUAGE_STANDARD = "c++0x";
				CLANG_CXX_LIBRARY = "libc++";
				FRAMEWORK_SEARCH_PATHS = (
					/Library/Frameworks/,
					"$(inherited)",
				);
				GCC_VERSION = com.apple.compilers.llvm.clang.1_0;
				HEADER_SEARCH_PATHS = (
					/usr/local/include/,
					"$(inherited)",
				);
				LIBRARY_SEARCH_PATHS = (
					/usr/local/lib/,
					"$(inherited)",
				);
				MACOSX_DEPLOYMENT_TARGET = 10.7;
				OTHER_LDFLAGS = (
					"$(inherited)",
					"$(SFML_SYSTEM)",
					"$(SFML_WINDOW)",
					"$(SFML_GRAPHICS)",
					"$(SFML_AUDIO)",
					"$(SFML_NETWORK)",
				);
				SFML_AUDIO = "$(SFML_LINK_PREFIX) sfml-audio$(SFML_LINK_SUFFIX)";
				SFML_BINARY_TYPE = FRAMEWORKS;
				SFML_GRAPHICS = "$(SFML_LINK_PREFIX) sfml-graphics$(SFML_LINK_SUFFIX)";
				SFML_LINK_DYLIBS_PREFIX = "-l";
				SFML_LINK_DYLIBS_SUFFIX = "";
				SFML_LINK_FRAMEWORKS_PREFIX = "-framework";
				SFML_LINK_FRAMEWORKS_SUFFIX = "";
				SFML_LINK_PREFIX = "$(SFML_LINK_$(SFML_BINARY_TYPE)_PREFIX)";
				SFML_LINK_SUFFIX = "$(SFML_LINK_$(SFML_BINARY_TYPE)_SUFFIX)";
				SFML_NETWORK = "$(SFML_LINK_PREFIX) sfml-network$(SFML_LINK_SUFFIX)";
				SFML_SYSTEM = "$(SFML_LINK_PREFIX) sfml-system$(SFML_LINK_SUFFIX)";
				SFML_WINDOW = "$(SFML_LINK_PREFIX) sfml-window$(SFML_LINK_SUFFIX)";
				SUPPORTED_PLATFORMS = macosx;
			};
			name = Release;
		};
		1C4C3E271E5D99840001BCCA /* Debug */ = {
			isa = XCBuildConfiguration;
			buildSettings = {
				PRODUCT_NAME = "$(TARGET_NAME)";
			};
			name = Debug;
		};
		1C4C3E281E5D99840001BCCA /* Release */ = {
			isa = XCBuildConfiguration;
			buildSettings = {
				PRODUCT_NAME = "$(TARGET_NAME)";
			};
			name = Release;
		};
/* End XCBuildConfiguration section */

/* Begin XCConfigurationList section */
		1C4C3E161E5D99840001BCCA /* Build configuration list for PBXProject "Øving6 del2.2" */ = {
			isa = XCConfigurationList;
			buildConfigurations = (
				1C4C3E241E5D99840001BCCA /* Debug */,
				1C4C3E251E5D99840001BCCA /* Release */,
			);
			defaultConfigurationIsVisible = 0;
			defaultConfigurationName = Release;
		};
		1C4C3E261E5D99840001BCCA /* Build configuration list for PBXNativeTarget "Øving6 del2.2" */ = {
			isa = XCConfigurationList;
			buildConfigurations = (
				1C4C3E271E5D99840001BCCA /* Debug */,
				1C4C3E281E5D99840001BCCA /* Release */,
			);
			defaultConfigurationIsVisible = 0;
		};
/* End XCConfigurationList section */
	};
	rootObject = 1C4C3E131E5D99840001BCCA /* Project object */;
}
